
Microsoft Visual Studio Solution File, Format Version 12.00
# Visual Studio 15
VisualStudioVersion = 15.0.26228.4
MinimumVisualStudioVersion = 10.0.40219.1
Project("{2150E333-8FDC-42A3-9474-1A3956D46DE8}") = "build", "build", "{0631A06D-9F11-429C-BB9C-BD6826A326FD}"
	ProjectSection(SolutionItems) = preProject
		build\asn1.nuspec = build\asn1.nuspec
		build\build.ps1 = build\build.ps1
	EndProjectSection
EndProject
Project("{9A19103F-16F7-4668-BE54-9A1E7A4F7556}") = "Asn1", "Asn1\Asn1.csproj", "{C7755825-EEE0-4170-97D0-BB80E30E3463}"
EndProject
Global
	GlobalSection(SolutionConfigurationPlatforms) = preSolution
		Debug|Any CPU = Debug|Any CPU
		Release|Any CPU = Release|Any CPU
	EndGlobalSection
	GlobalSection(ProjectConfigurationPlatforms) = postSolution
		{C7755825-EEE0-4170-97D0-BB80E30E3463}.Debug|Any CPU.ActiveCfg = Debug|Any CPU
		{C7755825-EEE0-4170-97D0-BB80E30E3463}.Debug|Any CPU.Build.0 = Debug|Any CPU
		{C7755825-EEE0-4170-97D0-BB80E30E3463}.Release|Any CPU.ActiveCfg = Release|Any CPU
		{C7755825-EEE0-4170-97D0-BB80E30E3463}.Release|Any CPU.Build.0 = Release|Any CPU
		{B202BD88-AB5A-4858-BF7F-2410A56D8E4E}.Debug|Any CPU.ActiveCfg = Debug|Any CPU
		{B202BD88-AB5A-4858-BF7F-2410A56D8E4E}.Debug|Any CPU.Build.0 = Debug|Any CPU
		{B202BD88-AB5A-4858-BF7F-2410A56D8E4E}.Release|Any CPU.ActiveCfg = Release|Any CPU
		{B202BD88-AB5A-4858-BF7F-2410A56D8E4E}.Release|Any CPU.Build.0 = Release|Any CPU
	EndGlobalSection
	GlobalSection(SolutionProperties) = preSolution
		HideSolutionNode = FALSE
	EndGlobalSection
EndGlobal
